
Microsoft Visual Studio Solution File, Format Version 12.00
# Visual Studio Version 16
VisualStudioVersion = 16.0.30204.135
MinimumVisualStudioVersion = 10.0.40219.1
Project("{9A19103F-16F7-4668-BE54-9A1E7A4F7556}") = "SnakeGame", "src\SnakeGame\SnakeGame.csproj", "{9E833873-F1FB-4A7E-8643-190CF8EA8D5C}"
EndProject
Project("{9A19103F-16F7-4668-BE54-9A1E7A4F7556}") = "SnakeGame.Controller", "src\SnakeGame.Controller\SnakeGame.Controller.csproj", "{7D2B4760-615A-45EA-ADF3-C5677EF7BD1E}"
EndProject
Project("{9A19103F-16F7-4668-BE54-9A1E7A4F7556}") = "SnakeGame.Input", "src\SnakeGame.ConsoleInputListener\SnakeGame.Input.csproj", "{AA482A4F-3DE8-420E-9607-A8CC4F5B497C}"
	ProjectSection(ProjectDependencies) = postProject
		{7D2B4760-615A-45EA-ADF3-C5677EF7BD1E} = {7D2B4760-615A-45EA-ADF3-C5677EF7BD1E}
	EndProjectSection
EndProject
Project("{9A19103F-16F7-4668-BE54-9A1E7A4F7556}") = "SnakeGame.Logic", "src\SnakeGame.Logic\SnakeGame.Logic.csproj", "{FBED94FF-F4B1-47DB-A66F-C3191043F4B9}"
EndProject
Project("{9A19103F-16F7-4668-BE54-9A1E7A4F7556}") = "SnakeGame.View", "src\SnakeGame.View\SnakeGame.View.csproj", "{E1FBB241-BB24-4D23-A1E5-BC18B92C10D4}"
EndProject
Project("{9A19103F-16F7-4668-BE54-9A1E7A4F7556}") = "SnakeGame.Logic.Tests", "tests\SnakeGame.Logic.Tests\SnakeGame.Logic.Tests.csproj", "{20C717AB-F593-4F6E-9F90-706FC8E36837}"
EndProject
Project("{9A19103F-16F7-4668-BE54-9A1E7A4F7556}") = "SnakeGame.Controller.Tests", "tests\SnakeGame.Controller.Tests\SnakeGame.Controller.Tests.csproj", "{115CA700-7322-41CA-ACE1-29E22C876DF2}"
EndProject
Project("{9A19103F-16F7-4668-BE54-9A1E7A4F7556}") = "SnakeGame.View.Tests", "tests\SnakeGame.View.Tests\SnakeGame.View.Tests.csproj", "{12F8AC10-E77B-437F-BBDF-C60046ECEBE5}"
EndProject
Project("{2150E333-8FDC-42A3-9474-1A3956D46DE8}") = "src", "src", "{3F792BD5-5973-4215-A920-8BC6E0B8DEFE}"
EndProject
Project("{2150E333-8FDC-42A3-9474-1A3956D46DE8}") = "tests", "tests", "{EB82BB44-BC95-4AB7-B3EE-841E2240BAA1}"
EndProject
Global
	GlobalSection(SolutionConfigurationPlatforms) = preSolution
		Debug|Any CPU = Debug|Any CPU
		Release|Any CPU = Release|Any CPU
	EndGlobalSection
	GlobalSection(ProjectConfigurationPlatforms) = postSolution
		{9E833873-F1FB-4A7E-8643-190CF8EA8D5C}.Debug|Any CPU.ActiveCfg = Debug|Any CPU
		{9E833873-F1FB-4A7E-8643-190CF8EA8D5C}.Debug|Any CPU.Build.0 = Debug|Any CPU
		{9E833873-F1FB-4A7E-8643-190CF8EA8D5C}.Release|Any CPU.ActiveCfg = Release|Any CPU
		{9E833873-F1FB-4A7E-8643-190CF8EA8D5C}.Release|Any CPU.Build.0 = Release|Any CPU
		{7D2B4760-615A-45EA-ADF3-C5677EF7BD1E}.Debug|Any CPU.ActiveCfg = Debug|Any CPU
		{7D2B4760-615A-45EA-ADF3-C5677EF7BD1E}.Debug|Any CPU.Build.0 = Debug|Any CPU
		{7D2B4760-615A-45EA-ADF3-C5677EF7BD1E}.Release|Any CPU.ActiveCfg = Release|Any CPU
		{7D2B4760-615A-45EA-ADF3-C5677EF7BD1E}.Release|Any CPU.Build.0 = Release|Any CPU
		{AA482A4F-3DE8-420E-9607-A8CC4F5B497C}.Debug|Any CPU.ActiveCfg = Debug|Any CPU
		{AA482A4F-3DE8-420E-9607-A8CC4F5B497C}.Debug|Any CPU.Build.0 = Debug|Any CPU
		{AA482A4F-3DE8-420E-9607-A8CC4F5B497C}.Release|Any CPU.ActiveCfg = Release|Any CPU
		{AA482A4F-3DE8-420E-9607-A8CC4F5B497C}.Release|Any CPU.Build.0 = Release|Any CPU
		{FBED94FF-F4B1-47DB-A66F-C3191043F4B9}.Debug|Any CPU.ActiveCfg = Debug|Any CPU
		{FBED94FF-F4B1-47DB-A66F-C3191043F4B9}.Debug|Any CPU.Build.0 = Debug|Any CPU
		{FBED94FF-F4B1-47DB-A66F-C3191043F4B9}.Release|Any CPU.ActiveCfg = Release|Any CPU
		{FBED94FF-F4B1-47DB-A66F-C3191043F4B9}.Release|Any CPU.Build.0 = Release|Any CPU
		{E1FBB241-BB24-4D23-A1E5-BC18B92C10D4}.Debug|Any CPU.ActiveCfg = Debug|Any CPU
		{E1FBB241-BB24-4D23-A1E5-BC18B92C10D4}.Debug|Any CPU.Build.0 = Debug|Any CPU
		{E1FBB241-BB24-4D23-A1E5-BC18B92C10D4}.Release|Any CPU.ActiveCfg = Release|Any CPU
		{E1FBB241-BB24-4D23-A1E5-BC18B92C10D4}.Release|Any CPU.Build.0 = Release|Any CPU
		{20C717AB-F593-4F6E-9F90-706FC8E36837}.Debug|Any CPU.ActiveCfg = Debug|Any CPU
		{20C717AB-F593-4F6E-9F90-706FC8E36837}.Debug|Any CPU.Build.0 = Debug|Any CPU
		{20C717AB-F593-4F6E-9F90-706FC8E36837}.Release|Any CPU.ActiveCfg = Release|Any CPU
		{115CA700-7322-41CA-ACE1-29E22C876DF2}.Debug|Any CPU.ActiveCfg = Debug|Any CPU
		{115CA700-7322-41CA-ACE1-29E22C876DF2}.Debug|Any CPU.Build.0 = Debug|Any CPU
		{115CA700-7322-41CA-ACE1-29E22C876DF2}.Release|Any CPU.ActiveCfg = Release|Any CPU
		{12F8AC10-E77B-437F-BBDF-C60046ECEBE5}.Debug|Any CPU.ActiveCfg = Debug|Any CPU
		{12F8AC10-E77B-437F-BBDF-C60046ECEBE5}.Debug|Any CPU.Build.0 = Debug|Any CPU
		{12F8AC10-E77B-437F-BBDF-C60046ECEBE5}.Release|Any CPU.ActiveCfg = Release|Any CPU
	EndGlobalSection
	GlobalSection(SolutionProperties) = preSolution
		HideSolutionNode = FALSE
	EndGlobalSection
	GlobalSection(NestedProjects) = preSolution
		{9E833873-F1FB-4A7E-8643-190CF8EA8D5C} = {3F792BD5-5973-4215-A920-8BC6E0B8DEFE}
		{7D2B4760-615A-45EA-ADF3-C5677EF7BD1E} = {3F792BD5-5973-4215-A920-8BC6E0B8DEFE}
		{AA482A4F-3DE8-420E-9607-A8CC4F5B497C} = {3F792BD5-5973-4215-A920-8BC6E0B8DEFE}
		{FBED94FF-F4B1-47DB-A66F-C3191043F4B9} = {3F792BD5-5973-4215-A920-8BC6E0B8DEFE}
		{E1FBB241-BB24-4D23-A1E5-BC18B92C10D4} = {3F792BD5-5973-4215-A920-8BC6E0B8DEFE}
		{20C717AB-F593-4F6E-9F90-706FC8E36837} = {EB82BB44-BC95-4AB7-B3EE-841E2240BAA1}
		{115CA700-7322-41CA-ACE1-29E22C876DF2} = {EB82BB44-BC95-4AB7-B3EE-841E2240BAA1}
		{12F8AC10-E77B-437F-BBDF-C60046ECEBE5} = {EB82BB44-BC95-4AB7-B3EE-841E2240BAA1}
	EndGlobalSection
	GlobalSection(ExtensibilityGlobals) = postSolution
		SolutionGuid = {2746EB45-E213-442B-80DE-A919707BA7EA}
	EndGlobalSection
EndGlobal
